<?xml version="1.0" encoding="utf-8"?>
<Project ToolsVersion="4.0" xmlns="http://schemas.microsoft.com/developer/msbuild/2003">
  <ItemGroup>
    <Filter Include="ソース ファイル">
      <UniqueIdentifier>{4FC737F1-C7A5-4376-A066-2A32D752A2FF}</UniqueIdentifier>
      <Extensions>cpp;c;cc;cxx;def;odl;idl;hpj;bat;asm;asmx</Extensions>
    </Filter>
    <Filter Include="ヘッダー ファイル">
      <UniqueIdentifier>{93995380-89BD-4b04-88EB-625FBE52EBFB}</UniqueIdentifier>
      <Extensions>h;hh;hpp;hxx;hm;inl;inc;ipp;xsd</Extensions>
    </Filter>
    <Filter Include="リソース ファイル">
      <UniqueIdentifier>{67DA6AB6-F800-4c08-8B7A-83BB121AAD01}</UniqueIdentifier>
      <Extensions>rc;ico;cur;bmp;dlg;rc2;rct;bin;rgs;gif;jpg;jpeg;jpe;resx;tiff;tif;png;wav;mfcribbon-ms</Extensions>
    </Filter>
    <Filter Include="ソース ファイル\ImGui">
      <UniqueIdentifier>{5dd5d5d7-7e34-4c50-a4d4-66100cf0d8a3}</UniqueIdentifier>
    </Filter>
    <Filter Include="ソース ファイル\Assimp">
      <UniqueIdentifier>{54124058-6660-4c9f-8024-48766640dd0f}</UniqueIdentifier>
    </Filter>
    <Filter Include="ソース ファイル\Dx11System">
      <UniqueIdentifier>{325399ce-2cf8-423c-8630-98545e1f2533}</UniqueIdentifier>
    </Filter>
  </ItemGroup>
  <ItemGroup>
    <ClInclude Include="C2DQuadtex.h">
      <Filter>ヘッダー ファイル</Filter>
    </ClInclude>
    <ClInclude Include="CBBoxGenerater.h">
      <Filter>ヘッダー ファイル</Filter>
    </ClInclude>
    <ClInclude Include="CBillBoard.h">
      <Filter>ヘッダー ファイル</Filter>
    </ClInclude>
    <ClInclude Include="CBox.h">
      <Filter>ヘッダー ファイル</Filter>
    </ClInclude>
    <ClInclude Include="CCamera.h">
      <Filter>ヘッダー ファイル</Filter>
    </ClInclude>
    <ClInclude Include="CModel.h">
      <Filter>ヘッダー ファイル</Filter>
    </ClInclude>
    <ClInclude Include="collision.h">
      <Filter>ヘッダー ファイル</Filter>
    </ClInclude>
    <ClInclude Include="enemy.h">
      <Filter>ヘッダー ファイル</Filter>
    </ClInclude>
    <ClInclude Include="game.h">
      <Filter>ヘッダー ファイル</Filter>
    </ClInclude>
    <ClInclude Include="obb.h">
      <Filter>ヘッダー ファイル</Filter>
    </ClInclude>
    <ClInclude Include="object.h">
      <Filter>ヘッダー ファイル</Filter>
    </ClInclude>
    <ClInclude Include="player.h">
      <Filter>ヘッダー ファイル</Filter>
    </ClInclude>
    <ClInclude Include="RenderToTexture.h">
      <Filter>ヘッダー ファイル</Filter>
    </ClInclude>
    <ClInclude Include="Shader.h">
      <Filter>ヘッダー ファイル</Filter>
    </ClInclude>
    <ClInclude Include="shaderhashmap.h">
      <Filter>ヘッダー ファイル</Filter>
    </ClInclude>
    <ClInclude Include="StageHit.h">
      <Filter>ヘッダー ファイル</Filter>
    </ClInclude>
    <ClInclude Include="UI.h">
      <Filter>ヘッダー ファイル</Filter>
    </ClInclude>
    <ClInclude Include="vertexproto.h">
      <Filter>ヘッダー ファイル</Filter>
    </ClInclude>
    <ClInclude Include="imconfig.h">
      <Filter>ソース ファイル\ImGui</Filter>
    </ClInclude>
    <ClInclude Include="imgui.h">
      <Filter>ソース ファイル\ImGui</Filter>
    </ClInclude>
    <ClInclude Include="imgui_impl_dx11.h">
      <Filter>ソース ファイル\ImGui</Filter>
    </ClInclude>
    <ClInclude Include="imgui_impl_win32.h">
      <Filter>ソース ファイル\ImGui</Filter>
    </ClInclude>
    <ClInclude Include="imgui_internal.h">
      <Filter>ソース ファイル\ImGui</Filter>
    </ClInclude>
    <ClInclude Include="imguiutil.h">
      <Filter>ソース ファイル\ImGui</Filter>
    </ClInclude>
    <ClInclude Include="imstb_rectpack.h">
      <Filter>ソース ファイル\ImGui</Filter>
    </ClInclude>
    <ClInclude Include="imstb_textedit.h">
      <Filter>ソース ファイル\ImGui</Filter>
    </ClInclude>
    <ClInclude Include="imstb_truetype.h">
      <Filter>ソース ファイル\ImGui</Filter>
    </ClInclude>
    <ClInclude Include="animationdataassimp.h">
      <Filter>ソース ファイル\Assimp</Filter>
    </ClInclude>
    <ClInclude Include="assimpscene.h">
      <Filter>ソース ファイル\Assimp</Filter>
    </ClInclude>
    <ClInclude Include="CDirectInput.h">
      <Filter>ソース ファイル\Dx11System</Filter>
    </ClInclude>
    <ClInclude Include="CDirectxGraphics.h">
      <Filter>ソース ファイル\Dx11System</Filter>
    </ClInclude>
    <ClInclude Include="CLight.h">
      <Filter>ソース ファイル\Dx11System</Filter>
    </ClInclude>
    <ClInclude Include="DatFileLoader.h">
      <Filter>ソース ファイル\Dx11System</Filter>
    </ClInclude>
    <ClInclude Include="dx11mathutil.h">
      <Filter>ソース ファイル\Dx11System</Filter>
    </ClInclude>
    <ClInclude Include="DX11Settransform.h">
      <Filter>ソース ファイル\Dx11System</Filter>
    </ClInclude>
    <ClInclude Include="DX11util.h">
      <Filter>ソース ファイル\Dx11System</Filter>
    </ClInclude>
    <ClInclude Include="Exception.h">
      <Filter>ソース ファイル\Dx11System</Filter>
    </ClInclude>
    <ClInclude Include="Memory.h">
      <Filter>ソース ファイル\Dx11System</Filter>
    </ClInclude>
    <ClInclude Include="Mesh.h">
      <Filter>ソース ファイル\Dx11System</Filter>
    </ClInclude>
    <ClInclude Include="ModelData.h">
      <Filter>ソース ファイル\Dx11System</Filter>
    </ClInclude>
    <ClInclude Include="NonCopyable.h">
      <Filter>ソース ファイル\Dx11System</Filter>
    </ClInclude>
  </ItemGroup>
  <ItemGroup>
    <ClCompile Include="CBBoxGenerater.cpp">
      <Filter>ソース ファイル</Filter>
    </ClCompile>
    <ClCompile Include="CBillBoard.cpp">
      <Filter>ソース ファイル</Filter>
    </ClCompile>
    <ClCompile Include="CBox.cpp">
      <Filter>ソース ファイル</Filter>
    </ClCompile>
    <ClCompile Include="CModel.cpp">
      <Filter>ソース ファイル</Filter>
    </ClCompile>
    <ClCompile Include="collision.cpp">
      <Filter>ソース ファイル</Filter>
    </ClCompile>
    <ClCompile Include="enemy.cpp">
      <Filter>ソース ファイル</Filter>
    </ClCompile>
    <ClCompile Include="game.cpp">
      <Filter>ソース ファイル</Filter>
    </ClCompile>
    <ClCompile Include="main.cpp">
      <Filter>ソース ファイル</Filter>
    </ClCompile>
    <ClCompile Include="mesh.cpp">
      <Filter>ソース ファイル</Filter>
    </ClCompile>
    <ClCompile Include="ModelData.cpp">
      <Filter>ソース ファイル</Filter>
    </ClCompile>
    <ClCompile Include="obb.cpp">
      <Filter>ソース ファイル</Filter>
    </ClCompile>
    <ClCompile Include="object.cpp">
      <Filter>ソース ファイル</Filter>
    </ClCompile>
    <ClCompile Include="player.cpp">
      <Filter>ソース ファイル</Filter>
    </ClCompile>
    <ClCompile Include="RenderToTexture.cpp">
      <Filter>ソース ファイル</Filter>
    </ClCompile>
    <ClCompile Include="Shader.cpp">
      <Filter>ソース ファイル</Filter>
    </ClCompile>
    <ClCompile Include="StageHit.cpp">
      <Filter>ソース ファイル</Filter>
    </ClCompile>
    <ClCompile Include="UI.cpp">
      <Filter>ソース ファイル</Filter>
    </ClCompile>
    <ClCompile Include="WICTextureLoader.cpp">
      <Filter>ソース ファイル</Filter>
    </ClCompile>
    <ClCompile Include="imgui.cpp">
      <Filter>ソース ファイル\ImGui</Filter>
    </ClCompile>
    <ClCompile Include="imgui_draw.cpp">
      <Filter>ソース ファイル\ImGui</Filter>
    </ClCompile>
    <ClCompile Include="imgui_impl_dx11.cpp">
      <Filter>ソース ファイル\ImGui</Filter>
    </ClCompile>
    <ClCompile Include="imgui_impl_win32.cpp">
      <Filter>ソース ファイル\ImGui</Filter>
    </ClCompile>
    <ClCompile Include="imgui_widgets.cpp">
      <Filter>ソース ファイル\ImGui</Filter>
    </ClCompile>
    <ClCompile Include="imguiutil.cpp">
      <Filter>ソース ファイル\ImGui</Filter>
    </ClCompile>
    <ClCompile Include="animationdataassimp.cpp">
      <Filter>ソース ファイル\Assimp</Filter>
    </ClCompile>
    <ClCompile Include="assimpscene.cpp">
      <Filter>ソース ファイル\Assimp</Filter>
    </ClCompile>
    <ClCompile Include="dx11mathutil.cpp">
      <Filter>ソース ファイル\Dx11System</Filter>
    </ClCompile>
    <ClCompile Include="DDSTextureLoader.cpp">
      <Filter>ソース ファイル\Dx11System</Filter>
    </ClCompile>
    <ClCompile Include="DatFileLoader.cpp">
      <Filter>ソース ファイル\Dx11System</Filter>
    </ClCompile>
    <ClCompile Include="CDirectXGraphics.cpp">
      <Filter>ソース ファイル\Dx11System</Filter>
    </ClCompile>
    <ClCompile Include="dx11util.cpp">
      <Filter>ソース ファイル\Dx11System</Filter>
    </ClCompile>
  </ItemGroup>
</Project>